
Microsoft Visual Studio Solution File, Format Version 12.00
# Visual Studio Version 17
VisualStudioVersion = 17.10.35013.160
MinimumVisualStudioVersion = 10.0.40219.1
Project("{FAE04EC0-301F-11D3-BF4B-00C04F79EFBC}") = "Zoologico", "Zoologico\Zoologico.csproj", "{56A81751-6BB0-4F3B-B4C8-7F1C4C28E03F}"
EndProject
Global
	GlobalSection(SolutionConfigurationPlatforms) = preSolution
		Debug|Any CPU = Debug|Any CPU
		Release|Any CPU = Release|Any CPU
	EndGlobalSection
	GlobalSection(ProjectConfigurationPlatforms) = postSolution
		{56A81751-6BB0-4F3B-B4C8-7F1C4C28E03F}.Debug|Any CPU.ActiveCfg = Debug|Any CPU
		{56A81751-6BB0-4F3B-B4C8-7F1C4C28E03F}.Debug|Any CPU.Build.0 = Debug|Any CPU
		{56A81751-6BB0-4F3B-B4C8-7F1C4C28E03F}.Release|Any CPU.ActiveCfg = Release|Any CPU
		{56A81751-6BB0-4F3B-B4C8-7F1C4C28E03F}.Release|Any CPU.Build.0 = Release|Any CPU
	EndGlobalSection
	GlobalSection(SolutionProperties) = preSolution
		HideSolutionNode = FALSE
	EndGlobalSection
	GlobalSection(ExtensibilityGlobals) = postSolution
		SolutionGuid = {88303CC4-6AAA-4AB5-BDF1-289C7FBD76C8}
	EndGlobalSection
EndGlobal
